
Microsoft Visual Studio Solution File, Format Version 12.00
# Visual Studio Version 16
VisualStudioVersion = 16.0.29209.62
MinimumVisualStudioVersion = 10.0.40219.1
Project("{FAE04EC0-301F-11D3-BF4B-00C04F79EFBC}") = "Lab3 - Function", "Lab3 - Function\Lab3 - Function.csproj", "{79103416-852F-465B-8E60-3CAE5E39AACA}"
EndProject
Global
	GlobalSection(SolutionConfigurationPlatforms) = preSolution
		Debug|Any CPU = Debug|Any CPU
		Release|Any CPU = Release|Any CPU
	EndGlobalSection
	GlobalSection(ProjectConfigurationPlatforms) = postSolution
		{79103416-852F-465B-8E60-3CAE5E39AACA}.Debug|Any CPU.ActiveCfg = Debug|Any CPU
		{79103416-852F-465B-8E60-3CAE5E39AACA}.Debug|Any CPU.Build.0 = Debug|Any CPU
		{79103416-852F-465B-8E60-3CAE5E39AACA}.Release|Any CPU.ActiveCfg = Release|Any CPU
		{79103416-852F-465B-8E60-3CAE5E39AACA}.Release|Any CPU.Build.0 = Release|Any CPU
	EndGlobalSection
	GlobalSection(SolutionProperties) = preSolution
		HideSolutionNode = FALSE
	EndGlobalSection
	GlobalSection(ExtensibilityGlobals) = postSolution
		SolutionGuid = {18333E59-6720-4E36-B5F7-38066B4F58B1}
	EndGlobalSection
EndGlobal
